// !$*UTF8*$!
{
	archiveVersion = 1;
	classes = {
	};
	objectVersion = 56;
	objects = {

/* Begin PBXBuildFile section */
		189674192B58F8B100F2C264 /* StateManagementApp.swift in Sources */ = {isa = PBXBuildFile; fileRef = 189674182B58F8B100F2C264 /* StateManagementApp.swift */; };
		1896741B2B58F8B100F2C264 /* ContentView.swift in Sources */ = {isa = PBXBuildFile; fileRef = 1896741A2B58F8B100F2C264 /* ContentView.swift */; };
		1896741D2B58F8B200F2C264 /* Assets.xcassets in Resources */ = {isa = PBXBuildFile; fileRef = 1896741C2B58F8B200F2C264 /* Assets.xcassets */; };
		189674202B58F8B200F2C264 /* Preview Assets.xcassets in Resources */ = {isa = PBXBuildFile; fileRef = 1896741F2B58F8B200F2C264 /* Preview Assets.xcassets */; };
		189674272B58FA2300F2C264 /* TodoItem.swift in Sources */ = {isa = PBXBuildFile; fileRef = 189674262B58FA2300F2C264 /* TodoItem.swift */; };
		189674292B58FA5600F2C264 /* TodoItemRow.swift in Sources */ = {isa = PBXBuildFile; fileRef = 189674282B58FA5600F2C264 /* TodoItemRow.swift */; };
		1896742B2B5915DE00F2C264 /* StateFulPreviewWrapper.swift in Sources */ = {isa = PBXBuildFile; fileRef = 1896742A2B5915DE00F2C264 /* StateFulPreviewWrapper.swift */; };
		1896742D2B5A571100F2C264 /* PracticeView.swift in Sources */ = {isa = PBXBuildFile; fileRef = 1896742C2B5A571100F2C264 /* PracticeView.swift */; };
		1896742F2B5A59D600F2C264 /* TodotIem.json in Resources */ = {isa = PBXBuildFile; fileRef = 1896742E2B5A59D600F2C264 /* TodotIem.json */; };
		189674312B5A5D8A00F2C264 /* ExtensionArray.swift in Sources */ = {isa = PBXBuildFile; fileRef = 189674302B5A5D8A00F2C264 /* ExtensionArray.swift */; };
		189674332B5A60B200F2C264 /* JSONView.swift in Sources */ = {isa = PBXBuildFile; fileRef = 189674322B5A60B200F2C264 /* JSONView.swift */; };
/* End PBXBuildFile section */

/* Begin PBXFileReference section */
		189674152B58F8B100F2C264 /* StateManagement.app */ = {isa = PBXFileReference; explicitFileType = wrapper.application; includeInIndex = 0; path = StateManagement.app; sourceTree = BUILT_PRODUCTS_DIR; };
		189674182B58F8B100F2C264 /* StateManagementApp.swift */ = {isa = PBXFileReference; lastKnownFileType = sourcecode.swift; path = StateManagementApp.swift; sourceTree = "<group>"; };
		1896741A2B58F8B100F2C264 /* ContentView.swift */ = {isa = PBXFileReference; lastKnownFileType = sourcecode.swift; path = ContentView.swift; sourceTree = "<group>"; };
		1896741C2B58F8B200F2C264 /* Assets.xcassets */ = {isa = PBXFileReference; lastKnownFileType = folder.assetcatalog; path = Assets.xcassets; sourceTree = "<group>"; };
		1896741F2B58F8B200F2C264 /* Preview Assets.xcassets */ = {isa = PBXFileReference; lastKnownFileType = folder.assetcatalog; path = "Preview Assets.xcassets"; sourceTree = "<group>"; };
		189674262B58FA2300F2C264 /* TodoItem.swift */ = {isa = PBXFileReference; lastKnownFileType = sourcecode.swift; path = TodoItem.swift; sourceTree = "<group>"; };
		189674282B58FA5600F2C264 /* TodoItemRow.swift */ = {isa = PBXFileReference; lastKnownFileType = sourcecode.swift; path = TodoItemRow.swift; sourceTree = "<group>"; };
		1896742A2B5915DE00F2C264 /* StateFulPreviewWrapper.swift */ = {isa = PBXFileReference; lastKnownFileType = sourcecode.swift; path = StateFulPreviewWrapper.swift; sourceTree = "<group>"; };
		1896742C2B5A571100F2C264 /* PracticeView.swift */ = {isa = PBXFileReference; lastKnownFileType = sourcecode.swift; path = PracticeView.swift; sourceTree = "<group>"; };
		1896742E2B5A59D600F2C264 /* TodotIem.json */ = {isa = PBXFileReference; lastKnownFileType = text.json; path = TodotIem.json; sourceTree = "<group>"; };
		189674302B5A5D8A00F2C264 /* ExtensionArray.swift */ = {isa = PBXFileReference; lastKnownFileType = sourcecode.swift; path = ExtensionArray.swift; sourceTree = "<group>"; };
		189674322B5A60B200F2C264 /* JSONView.swift */ = {isa = PBXFileReference; lastKnownFileType = sourcecode.swift; path = JSONView.swift; sourceTree = "<group>"; };
/* End PBXFileReference section */

/* Begin PBXFrameworksBuildPhase section */
		189674122B58F8B100F2C264 /* Frameworks */ = {
			isa = PBXFrameworksBuildPhase;
			buildActionMask = 2147483647;
			files = (
			);
			runOnlyForDeploymentPostprocessing = 0;
		};
/* End PBXFrameworksBuildPhase section */

/* Begin PBXGroup section */
		1896740C2B58F8B000F2C264 = {
			isa = PBXGroup;
			children = (
				189674172B58F8B100F2C264 /* StateManagement */,
				189674162B58F8B100F2C264 /* Products */,
			);
			sourceTree = "<group>";
		};
		189674162B58F8B100F2C264 /* Products */ = {
			isa = PBXGroup;
			children = (
				189674152B58F8B100F2C264 /* StateManagement.app */,
			);
			name = Products;
			sourceTree = "<group>";
		};
		189674172B58F8B100F2C264 /* StateManagement */ = {
			isa = PBXGroup;
			children = (
				189674182B58F8B100F2C264 /* StateManagementApp.swift */,
				1896741A2B58F8B100F2C264 /* ContentView.swift */,
				189674262B58FA2300F2C264 /* TodoItem.swift */,
				189674302B5A5D8A00F2C264 /* ExtensionArray.swift */,
				1896742A2B5915DE00F2C264 /* StateFulPreviewWrapper.swift */,
				189674282B58FA5600F2C264 /* TodoItemRow.swift */,
				189674322B5A60B200F2C264 /* JSONView.swift */,
				1896742E2B5A59D600F2C264 /* TodotIem.json */,
				1896742C2B5A571100F2C264 /* PracticeView.swift */,
				1896741C2B58F8B200F2C264 /* Assets.xcassets */,
				1896741E2B58F8B200F2C264 /* Preview Content */,
			);
			path = StateManagement;
			sourceTree = "<group>";
		};
		1896741E2B58F8B200F2C264 /* Preview Content */ = {
			isa = PBXGroup;
			children = (
				1896741F2B58F8B200F2C264 /* Preview Assets.xcassets */,
			);
			path = "Preview Content";
			sourceTree = "<group>";
		};
/* End PBXGroup section */

/* Begin PBXNativeTarget section */
		189674142B58F8B100F2C264 /* StateManagement */ = {
			isa = PBXNativeTarget;
			buildConfigurationList = 189674232B58F8B200F2C264 /* Build configuration list for PBXNativeTarget "StateManagement" */;
			buildPhases = (
				189674112B58F8B100F2C264 /* Sources */,
				189674122B58F8B100F2C264 /* Frameworks */,
				189674132B58F8B100F2C264 /* Resources */,
			);
			buildRules = (
			);
			dependencies = (
			);
			name = StateManagement;
			productName = StateManagement;
			productReference = 189674152B58F8B100F2C264 /* StateManagement.app */;
			productType = "com.apple.product-type.application";
		};
/* End PBXNativeTarget section */

/* Begin PBXProject section */
		1896740D2B58F8B000F2C264 /* Project object */ = {
			isa = PBXProject;
			attributes = {
				BuildIndependentTargetsInParallel = 1;
				LastSwiftUpdateCheck = 1420;
				LastUpgradeCheck = 1420;
				TargetAttributes = {
					189674142B58F8B100F2C264 = {
						CreatedOnToolsVersion = 14.2;
					};
				};
			};
			buildConfigurationList = 189674102B58F8B000F2C264 /* Build configuration list for PBXProject "StateManagement" */;
			compatibilityVersion = "Xcode 14.0";
			developmentRegion = en;
			hasScannedForEncodings = 0;
			knownRegions = (
				en,
				Base,
			);
			mainGroup = 1896740C2B58F8B000F2C264;
			productRefGroup = 189674162B58F8B100F2C264 /* Products */;
			projectDirPath = "";
			projectRoot = "";
			targets = (
				189674142B58F8B100F2C264 /* StateManagement */,
			);
		};
/* End PBXProject section */

/* Begin PBXResourcesBuildPhase section */
		189674132B58F8B100F2C264 /* Resources */ = {
			isa = PBXResourcesBuildPhase;
			buildActionMask = 2147483647;
			files = (
				1896742F2B5A59D600F2C264 /* TodotIem.json in Resources */,
				189674202B58F8B200F2C264 /* Preview Assets.xcassets in Resources */,
				1896741D2B58F8B200F2C264 /* Assets.xcassets in Resources */,
			);
			runOnlyForDeploymentPostprocessing = 0;
		};
/* End PBXResourcesBuildPhase section */

/* Begin PBXSourcesBuildPhase section */
		189674112B58F8B100F2C264 /* Sources */ = {
			isa = PBXSourcesBuildPhase;
			buildActionMask = 2147483647;
			files = (
				1896741B2B58F8B100F2C264 /* ContentView.swift in Sources */,
				1896742D2B5A571100F2C264 /* PracticeView.swift in Sources */,
				189674292B58FA5600F2C264 /* TodoItemRow.swift in Sources */,
				189674272B58FA2300F2C264 /* TodoItem.swift in Sources */,
				1896742B2B5915DE00F2C264 /* StateFulPreviewWrapper.swift in Sources */,
				189674312B5A5D8A00F2C264 /* ExtensionArray.swift in Sources */,
				189674332B5A60B200F2C264 /* JSONView.swift in Sources */,
				189674192B58F8B100F2C264 /* StateManagementApp.swift in Sources */,
			);
			runOnlyForDeploymentPostprocessing = 0;
		};
/* End PBXSourcesBuildPhase section */

/* Begin XCBuildConfiguration section */
		189674212B58F8B200F2C264 /* Debug */ = {
			isa = XCBuildConfiguration;
			buildSettings = {
				ALWAYS_SEARCH_USER_PATHS = NO;
				CLANG_ANALYZER_NONNULL = YES;
				CLANG_ANALYZER_NUMBER_OBJECT_CONVERSION = YES_AGGRESSIVE;
				CLANG_CXX_LANGUAGE_STANDARD = "gnu++20";
				CLANG_ENABLE_MODULES = YES;
				CLANG_ENABLE_OBJC_ARC = YES;
				CLANG_ENABLE_OBJC_WEAK = YES;
				CLANG_WARN_BLOCK_CAPTURE_AUTORELEASING = YES;
				CLANG_WARN_BOOL_CONVERSION = YES;
				CLANG_WARN_COMMA = YES;
				CLANG_WARN_CONSTANT_CONVERSION = YES;
				CLANG_WARN_DEPRECATED_OBJC_IMPLEMENTATIONS = YES;
				CLANG_WARN_DIRECT_OBJC_ISA_USAGE = YES_ERROR;
				CLANG_WARN_DOCUMENTATION_COMMENTS = YES;
				CLANG_WARN_EMPTY_BODY = YES;
				CLANG_WARN_ENUM_CONVERSION = YES;
				CLANG_WARN_INFINITE_RECURSION = YES;
				CLANG_WARN_INT_CONVERSION = YES;
				CLANG_WARN_NON_LITERAL_NULL_CONVERSION = YES;
				CLANG_WARN_OBJC_IMPLICIT_RETAIN_SELF = YES;
				CLANG_WARN_OBJC_LITERAL_CONVERSION = YES;
				CLANG_WARN_OBJC_ROOT_CLASS = YES_ERROR;
				CLANG_WARN_QUOTED_INCLUDE_IN_FRAMEWORK_HEADER = YES;
				CLANG_WARN_RANGE_LOOP_ANALYSIS = YES;
				CLANG_WARN_STRICT_PROTOTYPES = YES;
				CLANG_WARN_SUSPICIOUS_MOVE = YES;
				CLANG_WARN_UNGUARDED_AVAILABILITY = YES_AGGRESSIVE;
				CLANG_WARN_UNREACHABLE_CODE = YES;
				CLANG_WARN__DUPLICATE_METHOD_MATCH = YES;
				COPY_PHASE_STRIP = NO;
				DEBUG_INFORMATION_FORMAT = dwarf;
				ENABLE_STRICT_OBJC_MSGSEND = YES;
				ENABLE_TESTABILITY = YES;
				GCC_C_LANGUAGE_STANDARD = gnu11;
				GCC_DYNAMIC_NO_PIC = NO;
				GCC_NO_COMMON_BLOCKS = YES;
				GCC_OPTIMIZATION_LEVEL = 0;
				GCC_PREPROCESSOR_DEFINITIONS = (
					"DEBUG=1",
					"$(inherited)",
				);
				GCC_WARN_64_TO_32_BIT_CONVERSION = YES;
				GCC_WARN_ABOUT_RETURN_TYPE = YES_ERROR;
				GCC_WARN_UNDECLARED_SELECTOR = YES;
				GCC_WARN_UNINITIALIZED_AUTOS = YES_AGGRESSIVE;
				GCC_WARN_UNUSED_FUNCTION = YES;
				GCC_WARN_UNUSED_VARIABLE = YES;
				IPHONEOS_DEPLOYMENT_TARGET = 16.2;
				MTL_ENABLE_DEBUG_INFO = INCLUDE_SOURCE;
				MTL_FAST_MATH = YES;
				ONLY_ACTIVE_ARCH = YES;
				SDKROOT = iphoneos;
				SWIFT_ACTIVE_COMPILATION_CONDITIONS = DEBUG;
				SWIFT_OPTIMIZATION_LEVEL = "-Onone";
			};
			name = Debug;
		};
		189674222B58F8B200F2C264 /* Release */ = {
			isa = XCBuildConfiguration;
			buildSettings = {
				ALWAYS_SEARCH_USER_PATHS = NO;
				CLANG_ANALYZER_NONNULL = YES;
				CLANG_ANALYZER_NUMBER_OBJECT_CONVERSION = YES_AGGRESSIVE;
				CLANG_CXX_LANGUAGE_STANDARD = "gnu++20";
				CLANG_ENABLE_MODULES = YES;
				CLANG_ENABLE_OBJC_ARC = YES;
				CLANG_ENABLE_OBJC_WEAK = YES;
				CLANG_WARN_BLOCK_CAPTURE_AUTORELEASING = YES;
				CLANG_WARN_BOOL_CONVERSION = YES;
				CLANG_WARN_COMMA = YES;
				CLANG_WARN_CONSTANT_CONVERSION = YES;
				CLANG_WARN_DEPRECATED_OBJC_IMPLEMENTATIONS = YES;
				CLANG_WARN_DIRECT_OBJC_ISA_USAGE = YES_ERROR;
				CLANG_WARN_DOCUMENTATION_COMMENTS = YES;
				CLANG_WARN_EMPTY_BODY = YES;
				CLANG_WARN_ENUM_CONVERSION = YES;
				CLANG_WARN_INFINITE_RECURSION = YES;
				CLANG_WARN_INT_CONVERSION = YES;
				CLANG_WARN_NON_LITERAL_NULL_CONVERSION = YES;
				CLANG_WARN_OBJC_IMPLICIT_RETAIN_SELF = YES;
				CLANG_WARN_OBJC_LITERAL_CONVERSION = YES;
				CLANG_WARN_OBJC_ROOT_CLASS = YES_ERROR;
				CLANG_WARN_QUOTED_INCLUDE_IN_FRAMEWORK_HEADER = YES;
				CLANG_WARN_RANGE_LOOP_ANALYSIS = YES;
				CLANG_WARN_STRICT_PROTOTYPES = YES;
				CLANG_WARN_SUSPICIOUS_MOVE = YES;
				CLANG_WARN_UNGUARDED_AVAILABILITY = YES_AGGRESSIVE;
				CLANG_WARN_UNREACHABLE_CODE = YES;
				CLANG_WARN__DUPLICATE_METHOD_MATCH = YES;
				COPY_PHASE_STRIP = NO;
				DEBUG_INFORMATION_FORMAT = "dwarf-with-dsym";
				ENABLE_NS_ASSERTIONS = NO;
				ENABLE_STRICT_OBJC_MSGSEND = YES;
				GCC_C_LANGUAGE_STANDARD = gnu11;
				GCC_NO_COMMON_BLOCKS = YES;
				GCC_WARN_64_TO_32_BIT_CONVERSION = YES;
				GCC_WARN_ABOUT_RETURN_TYPE = YES_ERROR;
				GCC_WARN_UNDECLARED_SELECTOR = YES;
				GCC_WARN_UNINITIALIZED_AUTOS = YES_AGGRESSIVE;
				GCC_WARN_UNUSED_FUNCTION = YES;
				GCC_WARN_UNUSED_VARIABLE = YES;
				IPHONEOS_DEPLOYMENT_TARGET = 16.2;
				MTL_ENABLE_DEBUG_INFO = NO;
				MTL_FAST_MATH = YES;
				SDKROOT = iphoneos;
				SWIFT_COMPILATION_MODE = wholemodule;
				SWIFT_OPTIMIZATION_LEVEL = "-O";
				VALIDATE_PRODUCT = YES;
			};
			name = Release;
		};
		189674242B58F8B200F2C264 /* Debug */ = {
			isa = XCBuildConfiguration;
			buildSettings = {
				ASSETCATALOG_COMPILER_APPICON_NAME = AppIcon;
				ASSETCATALOG_COMPILER_GLOBAL_ACCENT_COLOR_NAME = AccentColor;
				CODE_SIGN_STYLE = Automatic;
				CURRENT_PROJECT_VERSION = 1;
				DEVELOPMENT_ASSET_PATHS = "\"StateManagement/Preview Content\"";
				DEVELOPMENT_TEAM = U9L575X827;
				ENABLE_PREVIEWS = YES;
				GENERATE_INFOPLIST_FILE = YES;
				INFOPLIST_KEY_UIApplicationSceneManifest_Generation = YES;
				INFOPLIST_KEY_UIApplicationSupportsIndirectInputEvents = YES;
				INFOPLIST_KEY_UILaunchScreen_Generation = YES;
				INFOPLIST_KEY_UISupportedInterfaceOrientations_iPad = "UIInterfaceOrientationPortrait UIInterfaceOrientationPortraitUpsideDown UIInterfaceOrientationLandscapeLeft UIInterfaceOrientationLandscapeRight";
				INFOPLIST_KEY_UISupportedInterfaceOrientations_iPhone = "UIInterfaceOrientationPortrait UIInterfaceOrientationLandscapeLeft UIInterfaceOrientationLandscapeRight";
				LD_RUNPATH_SEARCH_PATHS = (
					"$(inherited)",
					"@executable_path/Frameworks",
				);
				MARKETING_VERSION = 1.0;
				PRODUCT_BUNDLE_IDENTIFIER = s.StateManagement;
				PRODUCT_NAME = "$(TARGET_NAME)";
				SWIFT_EMIT_LOC_STRINGS = YES;
				SWIFT_VERSION = 5.0;
				TARGETED_DEVICE_FAMILY = "1,2";
			};
			name = Debug;
		};
		189674252B58F8B200F2C264 /* Release */ = {
			isa = XCBuildConfiguration;
			buildSettings = {
				ASSETCATALOG_COMPILER_APPICON_NAME = AppIcon;
				ASSETCATALOG_COMPILER_GLOBAL_ACCENT_COLOR_NAME = AccentColor;
				CODE_SIGN_STYLE = Automatic;
				CURRENT_PROJECT_VERSION = 1;
				DEVELOPMENT_ASSET_PATHS = "\"StateManagement/Preview Content\"";
				DEVELOPMENT_TEAM = U9L575X827;
				ENABLE_PREVIEWS = YES;
				GENERATE_INFOPLIST_FILE = YES;
				INFOPLIST_KEY_UIApplicationSceneManifest_Generation = YES;
				INFOPLIST_KEY_UIApplicationSupportsIndirectInputEvents = YES;
				INFOPLIST_KEY_UILaunchScreen_Generation = YES;
				INFOPLIST_KEY_UISupportedInterfaceOrientations_iPad = "UIInterfaceOrientationPortrait UIInterfaceOrientationPortraitUpsideDown UIInterfaceOrientationLandscapeLeft UIInterfaceOrientationLandscapeRight";
				INFOPLIST_KEY_UISupportedInterfaceOrientations_iPhone = "UIInterfaceOrientationPortrait UIInterfaceOrientationLandscapeLeft UIInterfaceOrientationLandscapeRight";
				LD_RUNPATH_SEARCH_PATHS = (
					"$(inherited)",
					"@executable_path/Frameworks",
				);
				MARKETING_VERSION = 1.0;
				PRODUCT_BUNDLE_IDENTIFIER = s.StateManagement;
				PRODUCT_NAME = "$(TARGET_NAME)";
				SWIFT_EMIT_LOC_STRINGS = YES;
				SWIFT_VERSION = 5.0;
				TARGETED_DEVICE_FAMILY = "1,2";
			};
			name = Release;
		};
/* End XCBuildConfiguration section */

/* Begin XCConfigurationList section */
		189674102B58F8B000F2C264 /* Build configuration list for PBXProject "StateManagement" */ = {
			isa = XCConfigurationList;
			buildConfigurations = (
				189674212B58F8B200F2C264 /* Debug */,
				189674222B58F8B200F2C264 /* Release */,
			);
			defaultConfigurationIsVisible = 0;
			defaultConfigurationName = Release;
		};
		189674232B58F8B200F2C264 /* Build configuration list for PBXNativeTarget "StateManagement" */ = {
			isa = XCConfigurationList;
			buildConfigurations = (
				189674242B58F8B200F2C264 /* Debug */,
				189674252B58F8B200F2C264 /* Release */,
			);
			defaultConfigurationIsVisible = 0;
			defaultConfigurationName = Release;
		};
/* End XCConfigurationList section */
	};
	rootObject = 1896740D2B58F8B000F2C264 /* Project object */;
}
